
Microsoft Visual Studio Solution File, Format Version 12.00
# Visual Studio Version 17
VisualStudioVersion = 17.7.34003.232
MinimumVisualStudioVersion = 10.0.40219.1
Project("{FAE04EC0-301F-11D3-BF4B-00C04F79EFBC}") = "AT-C#", "AT-C#\AT-C#.csproj", "{615250D0-28E5-4B95-AB69-CE95037FD727}"
EndProject
Global
	GlobalSection(SolutionConfigurationPlatforms) = preSolution
		Debug|Any CPU = Debug|Any CPU
		Release|Any CPU = Release|Any CPU
	EndGlobalSection
	GlobalSection(ProjectConfigurationPlatforms) = postSolution
		{615250D0-28E5-4B95-AB69-CE95037FD727}.Debug|Any CPU.ActiveCfg = Debug|Any CPU
		{615250D0-28E5-4B95-AB69-CE95037FD727}.Debug|Any CPU.Build.0 = Debug|Any CPU
		{615250D0-28E5-4B95-AB69-CE95037FD727}.Release|Any CPU.ActiveCfg = Release|Any CPU
		{615250D0-28E5-4B95-AB69-CE95037FD727}.Release|Any CPU.Build.0 = Release|Any CPU
	EndGlobalSection
	GlobalSection(SolutionProperties) = preSolution
		HideSolutionNode = FALSE
	EndGlobalSection
	GlobalSection(ExtensibilityGlobals) = postSolution
		SolutionGuid = {5DD35AFF-CAB2-4901-A5EF-107F137B5391}
	EndGlobalSection
EndGlobal
